# This file was autogenerated by uv via the following command:
#    uv pip compile pyproject.toml --universal --no-deps --upgrade --output-file requirements.lock
bleak==1.1.1
    # via offline-protocol-sdk (bindings/python/pyproject.toml)
bless==0.3.0 ; sys_platform != 'win32'
    # via offline-protocol-sdk (bindings/python/pyproject.toml)
keyring==25.7.0
    # via offline-protocol-sdk (bindings/python/pyproject.toml)
websockets==16.1
    # via offline-protocol-sdk (bindings/python/pyproject.toml)
